
Microsoft Visual Studio Solution File, Format Version 12.00
# Visual Studio 15
VisualStudioVersion = 15.0.28307.779
MinimumVisualStudioVersion = 10.0.40219.1
Project("{FAE04EC0-301F-11D3-BF4B-00C04F79EFBC}") = "CoffeeShopWithOperation", "CoffeeShopWithOperation\CoffeeShopWithOperation.csproj", "{1991D404-419A-4BD6-AAC5-B9A40A5E2558}"
EndProject
Global
	GlobalSection(SolutionConfigurationPlatforms) = preSolution
		Debug|Any CPU = Debug|Any CPU
		Release|Any CPU = Release|Any CPU
	EndGlobalSection
	GlobalSection(ProjectConfigurationPlatforms) = postSolution
		{1991D404-419A-4BD6-AAC5-B9A40A5E2558}.Debug|Any CPU.ActiveCfg = Debug|Any CPU
		{1991D404-419A-4BD6-AAC5-B9A40A5E2558}.Debug|Any CPU.Build.0 = Debug|Any CPU
		{1991D404-419A-4BD6-AAC5-B9A40A5E2558}.Release|Any CPU.ActiveCfg = Release|Any CPU
		{1991D404-419A-4BD6-AAC5-B9A40A5E2558}.Release|Any CPU.Build.0 = Release|Any CPU
	EndGlobalSection
	GlobalSection(SolutionProperties) = preSolution
		HideSolutionNode = FALSE
	EndGlobalSection
	GlobalSection(ExtensibilityGlobals) = postSolution
		SolutionGuid = {B9C32DCE-3C60-4410-B986-D9DE5EFAC92B}
	EndGlobalSection
EndGlobal
